// !$*UTF8*$!
{
	archiveVersion = 1;
	classes = {
	};
	objectVersion = 46;
	objects = {

/* Begin PBXBuildFile section */
		961DBEF41B38B8D300B4417A /* XINIssueCellView.m in Sources */ = {isa = PBXBuildFile; fileRef = 961DBEEF1B38B8D300B4417A /* XINIssueCellView.m */; };
		961DBEF51B38B8D300B4417A /* XINIssueCellView.xib in Resources */ = {isa = PBXBuildFile; fileRef = 961DBEF01B38B8D300B4417A /* XINIssueCellView.xib */; };
		961DBEF61B38B8D300B4417A /* XINIssueListViewController.m in Sources */ = {isa = PBXBuildFile; fileRef = 961DBEF21B38B8D300B4417A /* XINIssueListViewController.m */; };
		961DBEF71B38B8D300B4417A /* XINIssueListViewController.xib in Resources */ = {isa = PBXBuildFile; fileRef = 961DBEF31B38B8D300B4417A /* XINIssueListViewController.xib */; };
		961DBF291B38B92200B4417A /* BNDConcreteView.m in Sources */ = {isa = PBXBuildFile; fileRef = 961DBEFB1B38B92200B4417A /* BNDConcreteView.m */; };
		961DBF2A1B38B92200B4417A /* BNDConcreteViewModel.m in Sources */ = {isa = PBXBuildFile; fileRef = 961DBEFD1B38B92200B4417A /* BNDConcreteViewModel.m */; };
		961DBF321B38B92200B4417A /* BNDAsyncValueTransformer.m in Sources */ = {isa = PBXBuildFile; fileRef = 961DBF121B38B92200B4417A /* BNDAsyncValueTransformer.m */; };
		961DBF331B38B92200B4417A /* BNDBinding.m in Sources */ = {isa = PBXBuildFile; fileRef = 961DBF141B38B92200B4417A /* BNDBinding.m */; };
		961DBF341B38B92200B4417A /* BNDCommandBinding.m in Sources */ = {isa = PBXBuildFile; fileRef = 961DBF161B38B92200B4417A /* BNDCommandBinding.m */; };
		961DBF351B38B92200B4417A /* BNDParser.m in Sources */ = {isa = PBXBuildFile; fileRef = 961DBF1B1B38B92200B4417A /* BNDParser.m */; };
		961DBF361B38B92200B4417A /* BNDSpecialKeyPathHandler.m in Sources */ = {isa = PBXBuildFile; fileRef = 961DBF1D1B38B92200B4417A /* BNDSpecialKeyPathHandler.m */; };
		961DBF5E1B38BDE300B4417A /* NSObject+NODE.m in Sources */ = {isa = PBXBuildFile; fileRef = 961DBF5B1B38BDE300B4417A /* NSObject+NODE.m */; };
		961DBF621B38BE2B00B4417A /* NSString+BNDKeyPathHandling.m in Sources */ = {isa = PBXBuildFile; fileRef = 961DBF611B38BE2B00B4417A /* NSString+BNDKeyPathHandling.m */; };
		961DBF651B38BE4500B4417A /* NSTableView+BNDBinding.m in Sources */ = {isa = PBXBuildFile; fileRef = 961DBF641B38BE4500B4417A /* NSTableView+BNDBinding.m */; };
		965422071B392C6100960A10 /* XINIssueListViewModel.m in Sources */ = {isa = PBXBuildFile; fileRef = 965422061B392C6100960A10 /* XINIssueListViewModel.m */; };
		9654220A1B39305D00960A10 /* XINIssueCellViewModel.m in Sources */ = {isa = PBXBuildFile; fileRef = 965422091B39305D00960A10 /* XINIssueCellViewModel.m */; };
		967724081B36C15F007CEF19 /* XINIssueView.m in Sources */ = {isa = PBXBuildFile; fileRef = 967724071B36C15F007CEF19 /* XINIssueView.m */; };
		9677240C1B36C414007CEF19 /* XINIssueRenderer.m in Sources */ = {isa = PBXBuildFile; fileRef = 9677240B1B36C414007CEF19 /* XINIssueRenderer.m */; };
		968AA76A1B3551C800C95807 /* AppKit.framework in Frameworks */ = {isa = PBXBuildFile; fileRef = 968AA7691B3551C800C95807 /* AppKit.framework */; };
		968AA76C1B3551C800C95807 /* Foundation.framework in Frameworks */ = {isa = PBXBuildFile; fileRef = 968AA76B1B3551C800C95807 /* Foundation.framework */; };
		968AA7711B3551C800C95807 /* XInfer.xcscheme in Resources */ = {isa = PBXBuildFile; fileRef = 968AA7701B3551C800C95807 /* XInfer.xcscheme */; };
		968AA7741B3551C800C95807 /* XInfer.m in Sources */ = {isa = PBXBuildFile; fileRef = 968AA7731B3551C800C95807 /* XInfer.m */; };
		968AA77C1B3553FC00C95807 /* NSString+XCAdditions.m in Sources */ = {isa = PBXBuildFile; fileRef = 968AA77B1B3553FC00C95807 /* NSString+XCAdditions.m */; };
		96A32B401B358B89008AC613 /* XINIssueCache.m in Sources */ = {isa = PBXBuildFile; fileRef = 96A32B3F1B358B89008AC613 /* XINIssueCache.m */; };
		96A8F2601B39266C0086CF65 /* XINIssueWindowController.m in Sources */ = {isa = PBXBuildFile; fileRef = 96A8F25E1B39266C0086CF65 /* XINIssueWindowController.m */; };
		96A8F2611B39266C0086CF65 /* XINIssueWindowController.xib in Resources */ = {isa = PBXBuildFile; fileRef = 96A8F25F1B39266C0086CF65 /* XINIssueWindowController.xib */; };
		96CB469B1B35731D0015A7D6 /* MHXcodeDocumentNavigator.m in Sources */ = {isa = PBXBuildFile; fileRef = 96CB46661B35731C0015A7D6 /* MHXcodeDocumentNavigator.m */; };
		96CB469C1B35731D0015A7D6 /* NSString+XCAdditions.m in Sources */ = {isa = PBXBuildFile; fileRef = 96CB466B1B35731C0015A7D6 /* NSString+XCAdditions.m */; };
		96CB469D1B35731D0015A7D6 /* XCProject+Extensions.m in Sources */ = {isa = PBXBuildFile; fileRef = 96CB466D1B35731C0015A7D6 /* XCProject+Extensions.m */; };
		96CB469F1B35731D0015A7D6 /* XCTarget+XCProject.m in Sources */ = {isa = PBXBuildFile; fileRef = 96CB46711B35731C0015A7D6 /* XCTarget+XCProject.m */; };
		96CB46A01B35731D0015A7D6 /* XCKeyBuilder.m in Sources */ = {isa = PBXBuildFile; fileRef = 96CB46751B35731C0015A7D6 /* XCKeyBuilder.m */; };
		96CB46A11B35731D0015A7D6 /* XCAbstractDefinition.m in Sources */ = {isa = PBXBuildFile; fileRef = 96CB46781B35731C0015A7D6 /* XCAbstractDefinition.m */; };
		96CB46A21B35731D0015A7D6 /* XCBuildConfiguration.m in Sources */ = {isa = PBXBuildFile; fileRef = 96CB467A1B35731C0015A7D6 /* XCBuildConfiguration.m */; };
		96CB46A31B35731D0015A7D6 /* XCBuildSettings.m in Sources */ = {isa = PBXBuildFile; fileRef = 96CB467C1B35731C0015A7D6 /* XCBuildSettings.m */; };
		96CB46A41B35731D0015A7D6 /* XCClassDefinition.m in Sources */ = {isa = PBXBuildFile; fileRef = 96CB467E1B35731C0015A7D6 /* XCClassDefinition.m */; };
		96CB46A51B35731D0015A7D6 /* XCFileOperationQueue.m in Sources */ = {isa = PBXBuildFile; fileRef = 96CB46801B35731C0015A7D6 /* XCFileOperationQueue.m */; };
		96CB46A61B35731D0015A7D6 /* XCFrameworkDefinition.m in Sources */ = {isa = PBXBuildFile; fileRef = 96CB46821B35731C0015A7D6 /* XCFrameworkDefinition.m */; };
		96CB46A71B35731D0015A7D6 /* XCGroup.m in Sources */ = {isa = PBXBuildFile; fileRef = 96CB46841B35731C0015A7D6 /* XCGroup.m */; };
		96CB46A81B35731D0015A7D6 /* XcodeMemberType.m in Sources */ = {isa = PBXBuildFile; fileRef = 96CB46881B35731D0015A7D6 /* XcodeMemberType.m */; };
		96CB46A91B35731D0015A7D6 /* XcodeSourceFileType.m in Sources */ = {isa = PBXBuildFile; fileRef = 96CB468A1B35731D0015A7D6 /* XcodeSourceFileType.m */; };
		96CB46AA1B35731D0015A7D6 /* XCProject+SubProject.m in Sources */ = {isa = PBXBuildFile; fileRef = 96CB468C1B35731D0015A7D6 /* XCProject+SubProject.m */; };
		96CB46AB1B35731D0015A7D6 /* XCProject.m in Sources */ = {isa = PBXBuildFile; fileRef = 96CB468E1B35731D0015A7D6 /* XCProject.m */; };
		96CB46AC1B35731D0015A7D6 /* XCSourceFile.m in Sources */ = {isa = PBXBuildFile; fileRef = 96CB46901B35731D0015A7D6 /* XCSourceFile.m */; };
		96CB46AD1B35731D0015A7D6 /* XCSourceFileDefinition.m in Sources */ = {isa = PBXBuildFile; fileRef = 96CB46921B35731D0015A7D6 /* XCSourceFileDefinition.m */; };
		96CB46AE1B35731D0015A7D6 /* XCSubProjectDefinition.m in Sources */ = {isa = PBXBuildFile; fileRef = 96CB46941B35731D0015A7D6 /* XCSubProjectDefinition.m */; };
		96CB46AF1B35731D0015A7D6 /* XCTarget.m in Sources */ = {isa = PBXBuildFile; fileRef = 96CB46961B35731D0015A7D6 /* XCTarget.m */; };
		96CB46B01B35731D0015A7D6 /* XCWorkspace.m in Sources */ = {isa = PBXBuildFile; fileRef = 96CB46981B35731D0015A7D6 /* XCWorkspace.m */; };
		96CB46B11B35731D0015A7D6 /* XCXibDefinition.m in Sources */ = {isa = PBXBuildFile; fileRef = 96CB469A1B35731D0015A7D6 /* XCXibDefinition.m */; };
		96CB46B41B3573F50015A7D6 /* NSString+Extensions.m in Sources */ = {isa = PBXBuildFile; fileRef = 96CB46B31B3573F50015A7D6 /* NSString+Extensions.m */; };
		96EAF0B61B35874700EF70DE /* XINIssue.m in Sources */ = {isa = PBXBuildFile; fileRef = 96EAF0B51B35874700EF70DE /* XINIssue.m */; };
/* End PBXBuildFile section */

/* Begin PBXFileReference section */
		961DBEEE1B38B8D300B4417A /* XINIssueCellView.h */ = {isa = PBXFileReference; fileEncoding = 4; lastKnownFileType = sourcecode.c.h; name = XINIssueCellView.h; path = Classes/View/XINIssueCellView.h; sourceTree = "<group>"; };
		961DBEEF1B38B8D300B4417A /* XINIssueCellView.m */ = {isa = PBXFileReference; fileEncoding = 4; lastKnownFileType = sourcecode.c.objc; name = XINIssueCellView.m; path = Classes/View/XINIssueCellView.m; sourceTree = "<group>"; };
		961DBEF01B38B8D300B4417A /* XINIssueCellView.xib */ = {isa = PBXFileReference; fileEncoding = 4; lastKnownFileType = file.xib; name = XINIssueCellView.xib; path = Classes/View/XINIssueCellView.xib; sourceTree = "<group>"; };
		961DBEF11B38B8D300B4417A /* XINIssueListViewController.h */ = {isa = PBXFileReference; fileEncoding = 4; lastKnownFileType = sourcecode.c.h; name = XINIssueListViewController.h; path = Classes/View/XINIssueListViewController.h; sourceTree = "<group>"; };
		961DBEF21B38B8D300B4417A /* XINIssueListViewController.m */ = {isa = PBXFileReference; fileEncoding = 4; lastKnownFileType = sourcecode.c.objc; name = XINIssueListViewController.m; path = Classes/View/XINIssueListViewController.m; sourceTree = "<group>"; };
		961DBEF31B38B8D300B4417A /* XINIssueListViewController.xib */ = {isa = PBXFileReference; fileEncoding = 4; lastKnownFileType = file.xib; name = XINIssueListViewController.xib; path = Classes/View/XINIssueListViewController.xib; sourceTree = "<group>"; };
		961DBEFA1B38B92200B4417A /* BNDConcreteView.h */ = {isa = PBXFileReference; fileEncoding = 4; lastKnownFileType = sourcecode.c.h; path = BNDConcreteView.h; sourceTree = "<group>"; };
		961DBEFB1B38B92200B4417A /* BNDConcreteView.m */ = {isa = PBXFileReference; fileEncoding = 4; lastKnownFileType = sourcecode.c.objc; path = BNDConcreteView.m; sourceTree = "<group>"; };
		961DBEFC1B38B92200B4417A /* BNDConcreteViewModel.h */ = {isa = PBXFileReference; fileEncoding = 4; lastKnownFileType = sourcecode.c.h; path = BNDConcreteViewModel.h; sourceTree = "<group>"; };
		961DBEFD1B38B92200B4417A /* BNDConcreteViewModel.m */ = {isa = PBXFileReference; fileEncoding = 4; lastKnownFileType = sourcecode.c.objc; path = BNDConcreteViewModel.m; sourceTree = "<group>"; };
		961DBEFE1B38B92200B4417A /* BIND.h */ = {isa = PBXFileReference; fileEncoding = 4; lastKnownFileType = sourcecode.c.h; path = BIND.h; sourceTree = "<group>"; };
		961DBF111B38B92200B4417A /* BNDAsyncValueTransformer.h */ = {isa = PBXFileReference; fileEncoding = 4; lastKnownFileType = sourcecode.c.h; path = BNDAsyncValueTransformer.h; sourceTree = "<group>"; };
		961DBF121B38B92200B4417A /* BNDAsyncValueTransformer.m */ = {isa = PBXFileReference; fileEncoding = 4; lastKnownFileType = sourcecode.c.objc; path = BNDAsyncValueTransformer.m; sourceTree = "<group>"; };
		961DBF131B38B92200B4417A /* BNDBinding.h */ = {isa = PBXFileReference; fileEncoding = 4; lastKnownFileType = sourcecode.c.h; path = BNDBinding.h; sourceTree = "<group>"; };
		961DBF141B38B92200B4417A /* BNDBinding.m */ = {isa = PBXFileReference; fileEncoding = 4; lastKnownFileType = sourcecode.c.objc; path = BNDBinding.m; sourceTree = "<group>"; };
		961DBF151B38B92200B4417A /* BNDCommandBinding.h */ = {isa = PBXFileReference; fileEncoding = 4; lastKnownFileType = sourcecode.c.h; path = BNDCommandBinding.h; sourceTree = "<group>"; };
		961DBF161B38B92200B4417A /* BNDCommandBinding.m */ = {isa = PBXFileReference; fileEncoding = 4; lastKnownFileType = sourcecode.c.objc; path = BNDCommandBinding.m; sourceTree = "<group>"; };
		961DBF181B38B92200B4417A /* BNDMacros.h */ = {isa = PBXFileReference; fileEncoding = 4; lastKnownFileType = sourcecode.c.h; path = BNDMacros.h; sourceTree = "<group>"; };
		961DBF1A1B38B92200B4417A /* BNDParser.h */ = {isa = PBXFileReference; fileEncoding = 4; lastKnownFileType = sourcecode.c.h; path = BNDParser.h; sourceTree = "<group>"; };
		961DBF1B1B38B92200B4417A /* BNDParser.m */ = {isa = PBXFileReference; fileEncoding = 4; lastKnownFileType = sourcecode.c.objc; path = BNDParser.m; sourceTree = "<group>"; };
		961DBF1C1B38B92200B4417A /* BNDSpecialKeyPathHandler.h */ = {isa = PBXFileReference; fileEncoding = 4; lastKnownFileType = sourcecode.c.h; path = BNDSpecialKeyPathHandler.h; sourceTree = "<group>"; };
		961DBF1D1B38B92200B4417A /* BNDSpecialKeyPathHandler.m */ = {isa = PBXFileReference; fileEncoding = 4; lastKnownFileType = sourcecode.c.objc; path = BNDSpecialKeyPathHandler.m; sourceTree = "<group>"; };
		961DBF1F1B38B92200B4417A /* BNDCommand.h */ = {isa = PBXFileReference; fileEncoding = 4; lastKnownFileType = sourcecode.c.h; path = BNDCommand.h; sourceTree = "<group>"; };
		961DBF201B38B92200B4417A /* BNDDataController.h */ = {isa = PBXFileReference; fileEncoding = 4; lastKnownFileType = sourcecode.c.h; path = BNDDataController.h; sourceTree = "<group>"; };
		961DBF211B38B92200B4417A /* BNDSpecialKeyPathHandling.h */ = {isa = PBXFileReference; fileEncoding = 4; lastKnownFileType = sourcecode.c.h; path = BNDSpecialKeyPathHandling.h; sourceTree = "<group>"; };
		961DBF221B38B92200B4417A /* BNDView.h */ = {isa = PBXFileReference; fileEncoding = 4; lastKnownFileType = sourcecode.c.h; path = BNDView.h; sourceTree = "<group>"; };
		961DBF231B38B92200B4417A /* BNDViewModel.h */ = {isa = PBXFileReference; fileEncoding = 4; lastKnownFileType = sourcecode.c.h; path = BNDViewModel.h; sourceTree = "<group>"; };
		961DBF281B38B92200B4417A /* BNDBindingTypes.h */ = {isa = PBXFileReference; fileEncoding = 4; lastKnownFileType = sourcecode.c.h; path = BNDBindingTypes.h; sourceTree = "<group>"; };
		961DBF3D1B38BC8000B4417A /* EXTKeyPathCoding.h */ = {isa = PBXFileReference; fileEncoding = 4; lastKnownFileType = sourcecode.c.h; path = EXTKeyPathCoding.h; sourceTree = "<group>"; };
		961DBF4A1B38BC8000B4417A /* metamacros.h */ = {isa = PBXFileReference; fileEncoding = 4; lastKnownFileType = sourcecode.c.h; path = metamacros.h; sourceTree = "<group>"; };
		961DBF5A1B38BDE300B4417A /* NSObject+NODE.h */ = {isa = PBXFileReference; fileEncoding = 4; lastKnownFileType = sourcecode.c.h; path = "NSObject+NODE.h"; sourceTree = "<group>"; };
		961DBF5B1B38BDE300B4417A /* NSObject+NODE.m */ = {isa = PBXFileReference; fileEncoding = 4; lastKnownFileType = sourcecode.c.objc; path = "NSObject+NODE.m"; sourceTree = "<group>"; };
		961DBF5D1B38BDE300B4417A /* NODE.h */ = {isa = PBXFileReference; fileEncoding = 4; lastKnownFileType = sourcecode.c.h; path = NODE.h; sourceTree = "<group>"; };
		961DBF601B38BE2B00B4417A /* NSString+BNDKeyPathHandling.h */ = {isa = PBXFileReference; fileEncoding = 4; lastKnownFileType = sourcecode.c.h; path = "NSString+BNDKeyPathHandling.h"; sourceTree = "<group>"; };
		961DBF611B38BE2B00B4417A /* NSString+BNDKeyPathHandling.m */ = {isa = PBXFileReference; fileEncoding = 4; lastKnownFileType = sourcecode.c.objc; path = "NSString+BNDKeyPathHandling.m"; sourceTree = "<group>"; };
		961DBF631B38BE4500B4417A /* NSTableView+BNDBinding.h */ = {isa = PBXFileReference; fileEncoding = 4; lastKnownFileType = sourcecode.c.h; path = "NSTableView+BNDBinding.h"; sourceTree = "<group>"; };
		961DBF641B38BE4500B4417A /* NSTableView+BNDBinding.m */ = {isa = PBXFileReference; fileEncoding = 4; lastKnownFileType = sourcecode.c.objc; path = "NSTableView+BNDBinding.m"; sourceTree = "<group>"; };
		9626ED591B36BA0700D1D152 /* DVTSourceTextView.h */ = {isa = PBXFileReference; lastKnownFileType = sourcecode.c.h; name = DVTSourceTextView.h; path = Dump/DVTSourceTextView.h; sourceTree = "<group>"; };
		9626ED5A1B36BB0100D1D152 /* DVTCompletingTextView.h */ = {isa = PBXFileReference; fileEncoding = 4; lastKnownFileType = sourcecode.c.h; name = DVTCompletingTextView.h; path = Dump/DVTCompletingTextView.h; sourceTree = "<group>"; };
		9626ED5B1B36BB0100D1D152 /* DVTCompletingTextViewDelegate-Protocol.h */ = {isa = PBXFileReference; fileEncoding = 4; lastKnownFileType = sourcecode.c.h; name = "DVTCompletingTextViewDelegate-Protocol.h"; path = "Dump/DVTCompletingTextViewDelegate-Protocol.h"; sourceTree = "<group>"; };
		9626ED5C1B36BB0100D1D152 /* DVTFontAndColorTheme.h */ = {isa = PBXFileReference; fileEncoding = 4; lastKnownFileType = sourcecode.c.h; name = DVTFontAndColorTheme.h; path = Dump/DVTFontAndColorTheme.h; sourceTree = "<group>"; };
		9626ED5D1B36BB0100D1D152 /* DVTInvalidation-Protocol.h */ = {isa = PBXFileReference; fileEncoding = 4; lastKnownFileType = sourcecode.c.h; name = "DVTInvalidation-Protocol.h"; path = "Dump/DVTInvalidation-Protocol.h"; sourceTree = "<group>"; };
		9626ED5E1B36BB0100D1D152 /* DVTPreferenceSet-Protocol.h */ = {isa = PBXFileReference; fileEncoding = 4; lastKnownFileType = sourcecode.c.h; name = "DVTPreferenceSet-Protocol.h"; path = "Dump/DVTPreferenceSet-Protocol.h"; sourceTree = "<group>"; };
		9626ED5F1B36BB0100D1D152 /* DVTTextCompletionDataSourceDelegate-Protocol.h */ = {isa = PBXFileReference; fileEncoding = 4; lastKnownFileType = sourcecode.c.h; name = "DVTTextCompletionDataSourceDelegate-Protocol.h"; path = "Dump/DVTTextCompletionDataSourceDelegate-Protocol.h"; sourceTree = "<group>"; };
		9626ED601B36BB0100D1D152 /* DVTTextCompletionInlinePreviewController.h */ = {isa = PBXFileReference; fileEncoding = 4; lastKnownFileType = sourcecode.c.h; name = DVTTextCompletionInlinePreviewController.h; path = Dump/DVTTextCompletionInlinePreviewController.h; sourceTree = "<group>"; };
		9626ED611B36BB0100D1D152 /* DVTTextCompletionItem-Protocol.h */ = {isa = PBXFileReference; fileEncoding = 4; lastKnownFileType = sourcecode.c.h; name = "DVTTextCompletionItem-Protocol.h"; path = "Dump/DVTTextCompletionItem-Protocol.h"; sourceTree = "<group>"; };
		9626ED621B36BB0100D1D152 /* DVTTextCompletionListWindowController.h */ = {isa = PBXFileReference; fileEncoding = 4; lastKnownFileType = sourcecode.c.h; name = DVTTextCompletionListWindowController.h; path = Dump/DVTTextCompletionListWindowController.h; sourceTree = "<group>"; };
		9626ED631B36BB0100D1D152 /* DVTTextCompletionSession.h */ = {isa = PBXFileReference; fileEncoding = 4; lastKnownFileType = sourcecode.c.h; name = DVTTextCompletionSession.h; path = Dump/DVTTextCompletionSession.h; sourceTree = "<group>"; };
		9626ED641B36BB0100D1D152 /* DVTTextStorage.h */ = {isa = PBXFileReference; fileEncoding = 4; lastKnownFileType = sourcecode.c.h; name = DVTTextStorage.h; path = Dump/DVTTextStorage.h; sourceTree = "<group>"; };
		9626ED651B36BB0100D1D152 /* DVTTextStorageDelegate-Protocol.h */ = {isa = PBXFileReference; fileEncoding = 4; lastKnownFileType = sourcecode.c.h; name = "DVTTextStorageDelegate-Protocol.h"; path = "Dump/DVTTextStorageDelegate-Protocol.h"; sourceTree = "<group>"; };
		9626ED661B36BB0100D1D152 /* IDEIndexCompletionItem.h */ = {isa = PBXFileReference; fileEncoding = 4; lastKnownFileType = sourcecode.c.h; name = IDEIndexCompletionItem.h; path = Dump/IDEIndexCompletionItem.h; sourceTree = "<group>"; };
		9626ED671B36BB0100D1D152 /* IDEOpenQuicklyPattern.h */ = {isa = PBXFileReference; fileEncoding = 4; lastKnownFileType = sourcecode.c.h; name = IDEOpenQuicklyPattern.h; path = Dump/IDEOpenQuicklyPattern.h; sourceTree = "<group>"; };
		9626ED681B36BB8700D1D152 /* DVTSourceTextScrollViewDelegate-Protocol.h */ = {isa = PBXFileReference; lastKnownFileType = sourcecode.c.h; name = "DVTSourceTextScrollViewDelegate-Protocol.h"; path = "Dump/DVTSourceTextScrollViewDelegate-Protocol.h"; sourceTree = "<group>"; };
		9626ED691B36BBC500D1D152 /* NSAnimationDelegate-Protocol.h */ = {isa = PBXFileReference; lastKnownFileType = sourcecode.c.h; name = "NSAnimationDelegate-Protocol.h"; path = "Dump/NSAnimationDelegate-Protocol.h"; sourceTree = "<group>"; };
		9626ED6A1B36BBDC00D1D152 /* NSLayoutManagerDelegate-Protocol.h */ = {isa = PBXFileReference; lastKnownFileType = sourcecode.c.h; name = "NSLayoutManagerDelegate-Protocol.h"; path = "Dump/NSLayoutManagerDelegate-Protocol.h"; sourceTree = "<group>"; };
		9626ED6B1B36BC4700D1D152 /* NSObject-Protocol.h */ = {isa = PBXFileReference; lastKnownFileType = sourcecode.c.h; name = "NSObject-Protocol.h"; path = "Dump/NSObject-Protocol.h"; sourceTree = "<group>"; };
		965422051B392C6100960A10 /* XINIssueListViewModel.h */ = {isa = PBXFileReference; fileEncoding = 4; lastKnownFileType = sourcecode.c.h; name = XINIssueListViewModel.h; path = Classes/ViewModel/XINIssueListViewModel.h; sourceTree = "<group>"; };
		965422061B392C6100960A10 /* XINIssueListViewModel.m */ = {isa = PBXFileReference; fileEncoding = 4; lastKnownFileType = sourcecode.c.objc; name = XINIssueListViewModel.m; path = Classes/ViewModel/XINIssueListViewModel.m; sourceTree = "<group>"; };
		965422081B39305D00960A10 /* XINIssueCellViewModel.h */ = {isa = PBXFileReference; fileEncoding = 4; lastKnownFileType = sourcecode.c.h; name = XINIssueCellViewModel.h; path = Classes/ViewModel/XINIssueCellViewModel.h; sourceTree = "<group>"; };
		965422091B39305D00960A10 /* XINIssueCellViewModel.m */ = {isa = PBXFileReference; fileEncoding = 4; lastKnownFileType = sourcecode.c.objc; name = XINIssueCellViewModel.m; path = Classes/ViewModel/XINIssueCellViewModel.m; sourceTree = "<group>"; };
		967724061B36C15F007CEF19 /* XINIssueView.h */ = {isa = PBXFileReference; fileEncoding = 4; lastKnownFileType = sourcecode.c.h; name = XINIssueView.h; path = Classes/View/XINIssueView.h; sourceTree = "<group>"; };
		967724071B36C15F007CEF19 /* XINIssueView.m */ = {isa = PBXFileReference; fileEncoding = 4; lastKnownFileType = sourcecode.c.objc; name = XINIssueView.m; path = Classes/View/XINIssueView.m; sourceTree = "<group>"; };
		9677240A1B36C414007CEF19 /* XINIssueRenderer.h */ = {isa = PBXFileReference; fileEncoding = 4; lastKnownFileType = sourcecode.c.h; name = XINIssueRenderer.h; path = Classes/Controller/XINIssueRenderer.h; sourceTree = "<group>"; };
		9677240B1B36C414007CEF19 /* XINIssueRenderer.m */ = {isa = PBXFileReference; fileEncoding = 4; lastKnownFileType = sourcecode.c.objc; name = XINIssueRenderer.m; path = Classes/Controller/XINIssueRenderer.m; sourceTree = "<group>"; };
		968AA7661B3551C800C95807 /* XInfer.xcplugin */ = {isa = PBXFileReference; explicitFileType = wrapper.cfbundle; includeInIndex = 0; path = XInfer.xcplugin; sourceTree = BUILT_PRODUCTS_DIR; };
		968AA7691B3551C800C95807 /* AppKit.framework */ = {isa = PBXFileReference; lastKnownFileType = wrapper.framework; name = AppKit.framework; path = /System/Library/Frameworks/AppKit.framework; sourceTree = "<absolute>"; };
		968AA76B1B3551C800C95807 /* Foundation.framework */ = {isa = PBXFileReference; lastKnownFileType = wrapper.framework; name = Foundation.framework; path = /System/Library/Frameworks/Foundation.framework; sourceTree = "<absolute>"; };
		968AA76F1B3551C800C95807 /* Info.plist */ = {isa = PBXFileReference; lastKnownFileType = text.plist.xml; path = Info.plist; sourceTree = "<group>"; };
		968AA7701B3551C800C95807 /* XInfer.xcscheme */ = {isa = PBXFileReference; lastKnownFileType = text.xml; name = XInfer.xcscheme; path = XInfer.xcodeproj/xcshareddata/xcschemes/XInfer.xcscheme; sourceTree = SOURCE_ROOT; };
		968AA7721B3551C800C95807 /* XInfer.h */ = {isa = PBXFileReference; lastKnownFileType = sourcecode.c.h; path = XInfer.h; sourceTree = "<group>"; };
		968AA7731B3551C800C95807 /* XInfer.m */ = {isa = PBXFileReference; lastKnownFileType = sourcecode.c.objc; path = XInfer.m; sourceTree = "<group>"; };
		968AA77A1B3553FC00C95807 /* NSString+XCAdditions.h */ = {isa = PBXFileReference; fileEncoding = 4; lastKnownFileType = sourcecode.c.h; path = "NSString+XCAdditions.h"; sourceTree = "<group>"; };
		968AA77B1B3553FC00C95807 /* NSString+XCAdditions.m */ = {isa = PBXFileReference; fileEncoding = 4; lastKnownFileType = sourcecode.c.objc; path = "NSString+XCAdditions.m"; sourceTree = "<group>"; };
		96A32B3E1B358B89008AC613 /* XINIssueCache.h */ = {isa = PBXFileReference; fileEncoding = 4; lastKnownFileType = sourcecode.c.h; name = XINIssueCache.h; path = Classes/Model/XINIssueCache.h; sourceTree = "<group>"; };
		96A32B3F1B358B89008AC613 /* XINIssueCache.m */ = {isa = PBXFileReference; fileEncoding = 4; lastKnownFileType = sourcecode.c.objc; name = XINIssueCache.m; path = Classes/Model/XINIssueCache.m; sourceTree = "<group>"; };
		96A8F25D1B39266C0086CF65 /* XINIssueWindowController.h */ = {isa = PBXFileReference; fileEncoding = 4; lastKnownFileType = sourcecode.c.h; name = XINIssueWindowController.h; path = Classes/View/XINIssueWindowController.h; sourceTree = "<group>"; };
		96A8F25E1B39266C0086CF65 /* XINIssueWindowController.m */ = {isa = PBXFileReference; fileEncoding = 4; lastKnownFileType = sourcecode.c.objc; name = XINIssueWindowController.m; path = Classes/View/XINIssueWindowController.m; sourceTree = "<group>"; };
		96A8F25F1B39266C0086CF65 /* XINIssueWindowController.xib */ = {isa = PBXFileReference; fileEncoding = 4; lastKnownFileType = file.xib; name = XINIssueWindowController.xib; path = Classes/View/XINIssueWindowController.xib; sourceTree = "<group>"; };
		96CB46651B35731C0015A7D6 /* MHXcodeDocumentNavigator.h */ = {isa = PBXFileReference; fileEncoding = 4; lastKnownFileType = sourcecode.c.h; path = MHXcodeDocumentNavigator.h; sourceTree = "<group>"; };
		96CB46661B35731C0015A7D6 /* MHXcodeDocumentNavigator.m */ = {isa = PBXFileReference; fileEncoding = 4; lastKnownFileType = sourcecode.c.objc; path = MHXcodeDocumentNavigator.m; sourceTree = "<group>"; };
		96CB46671B35731C0015A7D6 /* XCFXcodePrivate.h */ = {isa = PBXFileReference; fileEncoding = 4; lastKnownFileType = sourcecode.c.h; path = XCFXcodePrivate.h; sourceTree = "<group>"; };
		96CB466A1B35731C0015A7D6 /* NSString+XCAdditions.h */ = {isa = PBXFileReference; fileEncoding = 4; lastKnownFileType = sourcecode.c.h; path = "NSString+XCAdditions.h"; sourceTree = "<group>"; };
		96CB466B1B35731C0015A7D6 /* NSString+XCAdditions.m */ = {isa = PBXFileReference; fileEncoding = 4; lastKnownFileType = sourcecode.c.objc; path = "NSString+XCAdditions.m"; sourceTree = "<group>"; };
		96CB466C1B35731C0015A7D6 /* XCProject+Extensions.h */ = {isa = PBXFileReference; fileEncoding = 4; lastKnownFileType = sourcecode.c.h; path = "XCProject+Extensions.h"; sourceTree = "<group>"; };
		96CB466D1B35731C0015A7D6 /* XCProject+Extensions.m */ = {isa = PBXFileReference; fileEncoding = 4; lastKnownFileType = sourcecode.c.objc; path = "XCProject+Extensions.m"; sourceTree = "<group>"; };
		96CB46701B35731C0015A7D6 /* XCTarget+XCProject.h */ = {isa = PBXFileReference; fileEncoding = 4; lastKnownFileType = sourcecode.c.h; path = "XCTarget+XCProject.h"; sourceTree = "<group>"; };
		96CB46711B35731C0015A7D6 /* XCTarget+XCProject.m */ = {isa = PBXFileReference; fileEncoding = 4; lastKnownFileType = sourcecode.c.objc; path = "XCTarget+XCProject.m"; sourceTree = "<group>"; };
		96CB46731B35731C0015A7D6 /* XCEnumUtils.h */ = {isa = PBXFileReference; fileEncoding = 4; lastKnownFileType = sourcecode.c.h; path = XCEnumUtils.h; sourceTree = "<group>"; };
		96CB46741B35731C0015A7D6 /* XCKeyBuilder.h */ = {isa = PBXFileReference; fileEncoding = 4; lastKnownFileType = sourcecode.c.h; path = XCKeyBuilder.h; sourceTree = "<group>"; };
		96CB46751B35731C0015A7D6 /* XCKeyBuilder.m */ = {isa = PBXFileReference; fileEncoding = 4; lastKnownFileType = sourcecode.c.objc; path = XCKeyBuilder.m; sourceTree = "<group>"; };
		96CB46761B35731C0015A7D6 /* XCMemoryUtils.h */ = {isa = PBXFileReference; fileEncoding = 4; lastKnownFileType = sourcecode.c.h; path = XCMemoryUtils.h; sourceTree = "<group>"; };
		96CB46771B35731C0015A7D6 /* XCAbstractDefinition.h */ = {isa = PBXFileReference; fileEncoding = 4; lastKnownFileType = sourcecode.c.h; path = XCAbstractDefinition.h; sourceTree = "<group>"; };
		96CB46781B35731C0015A7D6 /* XCAbstractDefinition.m */ = {isa = PBXFileReference; fileEncoding = 4; lastKnownFileType = sourcecode.c.objc; path = XCAbstractDefinition.m; sourceTree = "<group>"; };
		96CB46791B35731C0015A7D6 /* XCBuildConfiguration.h */ = {isa = PBXFileReference; fileEncoding = 4; lastKnownFileType = sourcecode.c.h; path = XCBuildConfiguration.h; sourceTree = "<group>"; };
		96CB467A1B35731C0015A7D6 /* XCBuildConfiguration.m */ = {isa = PBXFileReference; fileEncoding = 4; lastKnownFileType = sourcecode.c.objc; path = XCBuildConfiguration.m; sourceTree = "<group>"; };
		96CB467B1B35731C0015A7D6 /* XCBuildSettings.h */ = {isa = PBXFileReference; fileEncoding = 4; lastKnownFileType = sourcecode.c.h; path = XCBuildSettings.h; sourceTree = "<group>"; };
		96CB467C1B35731C0015A7D6 /* XCBuildSettings.m */ = {isa = PBXFileReference; fileEncoding = 4; lastKnownFileType = sourcecode.c.objc; path = XCBuildSettings.m; sourceTree = "<group>"; };
		96CB467D1B35731C0015A7D6 /* XCClassDefinition.h */ = {isa = PBXFileReference; fileEncoding = 4; lastKnownFileType = sourcecode.c.h; path = XCClassDefinition.h; sourceTree = "<group>"; };
		96CB467E1B35731C0015A7D6 /* XCClassDefinition.m */ = {isa = PBXFileReference; fileEncoding = 4; lastKnownFileType = sourcecode.c.objc; path = XCClassDefinition.m; sourceTree = "<group>"; };
		96CB467F1B35731C0015A7D6 /* XCFileOperationQueue.h */ = {isa = PBXFileReference; fileEncoding = 4; lastKnownFileType = sourcecode.c.h; path = XCFileOperationQueue.h; sourceTree = "<group>"; };
		96CB46801B35731C0015A7D6 /* XCFileOperationQueue.m */ = {isa = PBXFileReference; fileEncoding = 4; lastKnownFileType = sourcecode.c.objc; path = XCFileOperationQueue.m; sourceTree = "<group>"; };
		96CB46811B35731C0015A7D6 /* XCFrameworkDefinition.h */ = {isa = PBXFileReference; fileEncoding = 4; lastKnownFileType = sourcecode.c.h; path = XCFrameworkDefinition.h; sourceTree = "<group>"; };
		96CB46821B35731C0015A7D6 /* XCFrameworkDefinition.m */ = {isa = PBXFileReference; fileEncoding = 4; lastKnownFileType = sourcecode.c.objc; path = XCFrameworkDefinition.m; sourceTree = "<group>"; };
		96CB46831B35731C0015A7D6 /* XCGroup.h */ = {isa = PBXFileReference; fileEncoding = 4; lastKnownFileType = sourcecode.c.h; path = XCGroup.h; sourceTree = "<group>"; };
		96CB46841B35731C0015A7D6 /* XCGroup.m */ = {isa = PBXFileReference; fileEncoding = 4; lastKnownFileType = sourcecode.c.objc; path = XCGroup.m; sourceTree = "<group>"; };
		96CB46851B35731C0015A7D6 /* XcodeEditor.h */ = {isa = PBXFileReference; fileEncoding = 4; lastKnownFileType = sourcecode.c.h; path = XcodeEditor.h; sourceTree = "<group>"; };
		96CB46861B35731D0015A7D6 /* XcodeGroupMember.h */ = {isa = PBXFileReference; fileEncoding = 4; lastKnownFileType = sourcecode.c.h; path = XcodeGroupMember.h; sourceTree = "<group>"; };
		96CB46871B35731D0015A7D6 /* XcodeMemberType.h */ = {isa = PBXFileReference; fileEncoding = 4; lastKnownFileType = sourcecode.c.h; path = XcodeMemberType.h; sourceTree = "<group>"; };
		96CB46881B35731D0015A7D6 /* XcodeMemberType.m */ = {isa = PBXFileReference; fileEncoding = 4; lastKnownFileType = sourcecode.c.objc; path = XcodeMemberType.m; sourceTree = "<group>"; };
		96CB46891B35731D0015A7D6 /* XcodeSourceFileType.h */ = {isa = PBXFileReference; fileEncoding = 4; lastKnownFileType = sourcecode.c.h; path = XcodeSourceFileType.h; sourceTree = "<group>"; };
		96CB468A1B35731D0015A7D6 /* XcodeSourceFileType.m */ = {isa = PBXFileReference; fileEncoding = 4; lastKnownFileType = sourcecode.c.objc; path = XcodeSourceFileType.m; sourceTree = "<group>"; };
		96CB468B1B35731D0015A7D6 /* XCProject+SubProject.h */ = {isa = PBXFileReference; fileEncoding = 4; lastKnownFileType = sourcecode.c.h; path = "XCProject+SubProject.h"; sourceTree = "<group>"; };
		96CB468C1B35731D0015A7D6 /* XCProject+SubProject.m */ = {isa = PBXFileReference; fileEncoding = 4; lastKnownFileType = sourcecode.c.objc; path = "XCProject+SubProject.m"; sourceTree = "<group>"; };
		96CB468D1B35731D0015A7D6 /* XCProject.h */ = {isa = PBXFileReference; fileEncoding = 4; lastKnownFileType = sourcecode.c.h; path = XCProject.h; sourceTree = "<group>"; };
		96CB468E1B35731D0015A7D6 /* XCProject.m */ = {isa = PBXFileReference; fileEncoding = 4; lastKnownFileType = sourcecode.c.objc; path = XCProject.m; sourceTree = "<group>"; };
		96CB468F1B35731D0015A7D6 /* XCSourceFile.h */ = {isa = PBXFileReference; fileEncoding = 4; lastKnownFileType = sourcecode.c.h; path = XCSourceFile.h; sourceTree = "<group>"; };
		96CB46901B35731D0015A7D6 /* XCSourceFile.m */ = {isa = PBXFileReference; fileEncoding = 4; lastKnownFileType = sourcecode.c.objc; path = XCSourceFile.m; sourceTree = "<group>"; };
		96CB46911B35731D0015A7D6 /* XCSourceFileDefinition.h */ = {isa = PBXFileReference; fileEncoding = 4; lastKnownFileType = sourcecode.c.h; path = XCSourceFileDefinition.h; sourceTree = "<group>"; };
		96CB46921B35731D0015A7D6 /* XCSourceFileDefinition.m */ = {isa = PBXFileReference; fileEncoding = 4; lastKnownFileType = sourcecode.c.objc; path = XCSourceFileDefinition.m; sourceTree = "<group>"; };
		96CB46931B35731D0015A7D6 /* XCSubProjectDefinition.h */ = {isa = PBXFileReference; fileEncoding = 4; lastKnownFileType = sourcecode.c.h; path = XCSubProjectDefinition.h; sourceTree = "<group>"; };
		96CB46941B35731D0015A7D6 /* XCSubProjectDefinition.m */ = {isa = PBXFileReference; fileEncoding = 4; lastKnownFileType = sourcecode.c.objc; path = XCSubProjectDefinition.m; sourceTree = "<group>"; };
		96CB46951B35731D0015A7D6 /* XCTarget.h */ = {isa = PBXFileReference; fileEncoding = 4; lastKnownFileType = sourcecode.c.h; path = XCTarget.h; sourceTree = "<group>"; };
		96CB46961B35731D0015A7D6 /* XCTarget.m */ = {isa = PBXFileReference; fileEncoding = 4; lastKnownFileType = sourcecode.c.objc; path = XCTarget.m; sourceTree = "<group>"; };
		96CB46971B35731D0015A7D6 /* XCWorkspace.h */ = {isa = PBXFileReference; fileEncoding = 4; lastKnownFileType = sourcecode.c.h; path = XCWorkspace.h; sourceTree = "<group>"; };
		96CB46981B35731D0015A7D6 /* XCWorkspace.m */ = {isa = PBXFileReference; fileEncoding = 4; lastKnownFileType = sourcecode.c.objc; path = XCWorkspace.m; sourceTree = "<group>"; };
		96CB46991B35731D0015A7D6 /* XCXibDefinition.h */ = {isa = PBXFileReference; fileEncoding = 4; lastKnownFileType = sourcecode.c.h; path = XCXibDefinition.h; sourceTree = "<group>"; };
		96CB469A1B35731D0015A7D6 /* XCXibDefinition.m */ = {isa = PBXFileReference; fileEncoding = 4; lastKnownFileType = sourcecode.c.objc; path = XCXibDefinition.m; sourceTree = "<group>"; };
		96CB46B21B3573F50015A7D6 /* NSString+Extensions.h */ = {isa = PBXFileReference; fileEncoding = 4; lastKnownFileType = sourcecode.c.h; path = "NSString+Extensions.h"; sourceTree = "<group>"; };
		96CB46B31B3573F50015A7D6 /* NSString+Extensions.m */ = {isa = PBXFileReference; fileEncoding = 4; lastKnownFileType = sourcecode.c.objc; path = "NSString+Extensions.m"; sourceTree = "<group>"; };
		96EAF0B41B35874700EF70DE /* XINIssue.h */ = {isa = PBXFileReference; fileEncoding = 4; lastKnownFileType = sourcecode.c.h; name = XINIssue.h; path = Classes/Model/XINIssue.h; sourceTree = "<group>"; };
		96EAF0B51B35874700EF70DE /* XINIssue.m */ = {isa = PBXFileReference; fileEncoding = 4; lastKnownFileType = sourcecode.c.objc; name = XINIssue.m; path = Classes/Model/XINIssue.m; sourceTree = "<group>"; };
/* End PBXFileReference section */

/* Begin PBXFrameworksBuildPhase section */
		968AA7641B3551C800C95807 /* Frameworks */ = {
			isa = PBXFrameworksBuildPhase;
			buildActionMask = 2147483647;
			files = (
				968AA76A1B3551C800C95807 /* AppKit.framework in Frameworks */,
				968AA76C1B3551C800C95807 /* Foundation.framework in Frameworks */,
			);
			runOnlyForDeploymentPostprocessing = 0;
		};
/* End PBXFrameworksBuildPhase section */

/* Begin PBXGroup section */
		961DBEF81B38B92200B4417A /* BIND */ = {
			isa = PBXGroup;
			children = (
				961DBF601B38BE2B00B4417A /* NSString+BNDKeyPathHandling.h */,
				961DBF611B38BE2B00B4417A /* NSString+BNDKeyPathHandling.m */,
				961DBEF91B38B92200B4417A /* Abstractions */,
				961DBEFE1B38B92200B4417A /* BIND.h */,
				961DBF101B38B92200B4417A /* Classes */,
				961DBF171B38B92200B4417A /* Macros */,
				961DBF191B38B92200B4417A /* Private */,
				961DBF1E1B38B92200B4417A /* Protocols */,
				961DBF271B38B92200B4417A /* Types */,
			);
			path = BIND;
			sourceTree = "<group>";
		};
		961DBEF91B38B92200B4417A /* Abstractions */ = {
			isa = PBXGroup;
			children = (
				961DBEFA1B38B92200B4417A /* BNDConcreteView.h */,
				961DBEFB1B38B92200B4417A /* BNDConcreteView.m */,
				961DBEFC1B38B92200B4417A /* BNDConcreteViewModel.h */,
				961DBEFD1B38B92200B4417A /* BNDConcreteViewModel.m */,
			);
			path = Abstractions;
			sourceTree = "<group>";
		};
		961DBF101B38B92200B4417A /* Classes */ = {
			isa = PBXGroup;
			children = (
				961DBF631B38BE4500B4417A /* NSTableView+BNDBinding.h */,
				961DBF641B38BE4500B4417A /* NSTableView+BNDBinding.m */,
				961DBF111B38B92200B4417A /* BNDAsyncValueTransformer.h */,
				961DBF121B38B92200B4417A /* BNDAsyncValueTransformer.m */,
				961DBF131B38B92200B4417A /* BNDBinding.h */,
				961DBF141B38B92200B4417A /* BNDBinding.m */,
				961DBF151B38B92200B4417A /* BNDCommandBinding.h */,
				961DBF161B38B92200B4417A /* BNDCommandBinding.m */,
			);
			path = Classes;
			sourceTree = "<group>";
		};
		961DBF171B38B92200B4417A /* Macros */ = {
			isa = PBXGroup;
			children = (
				961DBF181B38B92200B4417A /* BNDMacros.h */,
			);
			path = Macros;
			sourceTree = "<group>";
		};
		961DBF191B38B92200B4417A /* Private */ = {
			isa = PBXGroup;
			children = (
				961DBF1A1B38B92200B4417A /* BNDParser.h */,
				961DBF1B1B38B92200B4417A /* BNDParser.m */,
				961DBF1C1B38B92200B4417A /* BNDSpecialKeyPathHandler.h */,
				961DBF1D1B38B92200B4417A /* BNDSpecialKeyPathHandler.m */,
			);
			path = Private;
			sourceTree = "<group>";
		};
		961DBF1E1B38B92200B4417A /* Protocols */ = {
			isa = PBXGroup;
			children = (
				961DBF1F1B38B92200B4417A /* BNDCommand.h */,
				961DBF201B38B92200B4417A /* BNDDataController.h */,
				961DBF211B38B92200B4417A /* BNDSpecialKeyPathHandling.h */,
				961DBF221B38B92200B4417A /* BNDView.h */,
				961DBF231B38B92200B4417A /* BNDViewModel.h */,
			);
			path = Protocols;
			sourceTree = "<group>";
		};
		961DBF271B38B92200B4417A /* Types */ = {
			isa = PBXGroup;
			children = (
				961DBF281B38B92200B4417A /* BNDBindingTypes.h */,
			);
			path = Types;
			sourceTree = "<group>";
		};
		961DBF381B38BC8000B4417A /* extobjc */ = {
			isa = PBXGroup;
			children = (
				961DBF3D1B38BC8000B4417A /* EXTKeyPathCoding.h */,
				961DBF4A1B38BC8000B4417A /* metamacros.h */,
			);
			path = extobjc;
			sourceTree = "<group>";
		};
		961DBF581B38BDE300B4417A /* NODE */ = {
			isa = PBXGroup;
			children = (
				961DBF591B38BDE300B4417A /* Categories */,
				961DBF5D1B38BDE300B4417A /* NODE.h */,
			);
			path = NODE;
			sourceTree = "<group>";
		};
		961DBF591B38BDE300B4417A /* Categories */ = {
			isa = PBXGroup;
			children = (
				961DBF5A1B38BDE300B4417A /* NSObject+NODE.h */,
				961DBF5B1B38BDE300B4417A /* NSObject+NODE.m */,
			);
			path = Categories;
			sourceTree = "<group>";
		};
		9626ED581B36B9BE00D1D152 /* Dump */ = {
			isa = PBXGroup;
			children = (
				9626ED5A1B36BB0100D1D152 /* DVTCompletingTextView.h */,
				9626ED5B1B36BB0100D1D152 /* DVTCompletingTextViewDelegate-Protocol.h */,
				9626ED5C1B36BB0100D1D152 /* DVTFontAndColorTheme.h */,
				9626ED5D1B36BB0100D1D152 /* DVTInvalidation-Protocol.h */,
				9626ED5E1B36BB0100D1D152 /* DVTPreferenceSet-Protocol.h */,
				9626ED5F1B36BB0100D1D152 /* DVTTextCompletionDataSourceDelegate-Protocol.h */,
				9626ED601B36BB0100D1D152 /* DVTTextCompletionInlinePreviewController.h */,
				9626ED611B36BB0100D1D152 /* DVTTextCompletionItem-Protocol.h */,
				9626ED621B36BB0100D1D152 /* DVTTextCompletionListWindowController.h */,
				9626ED631B36BB0100D1D152 /* DVTTextCompletionSession.h */,
				9626ED641B36BB0100D1D152 /* DVTTextStorage.h */,
				9626ED651B36BB0100D1D152 /* DVTTextStorageDelegate-Protocol.h */,
				9626ED661B36BB0100D1D152 /* IDEIndexCompletionItem.h */,
				9626ED671B36BB0100D1D152 /* IDEOpenQuicklyPattern.h */,
				9626ED591B36BA0700D1D152 /* DVTSourceTextView.h */,
				9626ED681B36BB8700D1D152 /* DVTSourceTextScrollViewDelegate-Protocol.h */,
				9626ED691B36BBC500D1D152 /* NSAnimationDelegate-Protocol.h */,
				9626ED6A1B36BBDC00D1D152 /* NSLayoutManagerDelegate-Protocol.h */,
				9626ED6B1B36BC4700D1D152 /* NSObject-Protocol.h */,
			);
			name = Dump;
			sourceTree = "<group>";
		};
		9626ED6C1B36C10000D1D152 /* View */ = {
			isa = PBXGroup;
			children = (
				967724061B36C15F007CEF19 /* XINIssueView.h */,
				967724071B36C15F007CEF19 /* XINIssueView.m */,
				961DBEEE1B38B8D300B4417A /* XINIssueCellView.h */,
				961DBEEF1B38B8D300B4417A /* XINIssueCellView.m */,
				961DBEF01B38B8D300B4417A /* XINIssueCellView.xib */,
				961DBEF11B38B8D300B4417A /* XINIssueListViewController.h */,
				961DBEF21B38B8D300B4417A /* XINIssueListViewController.m */,
				961DBEF31B38B8D300B4417A /* XINIssueListViewController.xib */,
				96A8F25D1B39266C0086CF65 /* XINIssueWindowController.h */,
				96A8F25E1B39266C0086CF65 /* XINIssueWindowController.m */,
				96A8F25F1B39266C0086CF65 /* XINIssueWindowController.xib */,
			);
			name = View;
			sourceTree = "<group>";
		};
		9626F5421B358648001A82AB /* Classes */ = {
			isa = PBXGroup;
			children = (
				965422031B3928AE00960A10 /* Categories */,
				967724091B36C3F3007CEF19 /* Controller */,
				9626ED6C1B36C10000D1D152 /* View */,
				965422041B392C1D00960A10 /* ViewModel */,
				9626F5431B35864F001A82AB /* Model */,
			);
			name = Classes;
			sourceTree = "<group>";
		};
		9626F5431B35864F001A82AB /* Model */ = {
			isa = PBXGroup;
			children = (
				96A32B3E1B358B89008AC613 /* XINIssueCache.h */,
				96A32B3F1B358B89008AC613 /* XINIssueCache.m */,
				96EAF0B41B35874700EF70DE /* XINIssue.h */,
				96EAF0B51B35874700EF70DE /* XINIssue.m */,
			);
			name = Model;
			sourceTree = "<group>";
		};
		965422031B3928AE00960A10 /* Categories */ = {
			isa = PBXGroup;
			children = (
				968AA77A1B3553FC00C95807 /* NSString+XCAdditions.h */,
				968AA77B1B3553FC00C95807 /* NSString+XCAdditions.m */,
			);
			name = Categories;
			sourceTree = "<group>";
		};
		965422041B392C1D00960A10 /* ViewModel */ = {
			isa = PBXGroup;
			children = (
				965422051B392C6100960A10 /* XINIssueListViewModel.h */,
				965422061B392C6100960A10 /* XINIssueListViewModel.m */,
				965422081B39305D00960A10 /* XINIssueCellViewModel.h */,
				965422091B39305D00960A10 /* XINIssueCellViewModel.m */,
			);
			name = ViewModel;
			sourceTree = "<group>";
		};
		967724091B36C3F3007CEF19 /* Controller */ = {
			isa = PBXGroup;
			children = (
				9677240A1B36C414007CEF19 /* XINIssueRenderer.h */,
				9677240B1B36C414007CEF19 /* XINIssueRenderer.m */,
			);
			name = Controller;
			sourceTree = "<group>";
		};
		968AA75D1B3551C800C95807 = {
			isa = PBXGroup;
			children = (
				968AA76D1B3551C800C95807 /* XInfer */,
				968AA7681B3551C800C95807 /* Frameworks */,
				968AA7671B3551C800C95807 /* Products */,
			);
			sourceTree = "<group>";
		};
		968AA7671B3551C800C95807 /* Products */ = {
			isa = PBXGroup;
			children = (
				968AA7661B3551C800C95807 /* XInfer.xcplugin */,
			);
			name = Products;
			sourceTree = "<group>";
		};
		968AA7681B3551C800C95807 /* Frameworks */ = {
			isa = PBXGroup;
			children = (
				968AA7691B3551C800C95807 /* AppKit.framework */,
				968AA76B1B3551C800C95807 /* Foundation.framework */,
			);
			name = Frameworks;
			sourceTree = "<group>";
		};
		968AA76D1B3551C800C95807 /* XInfer */ = {
			isa = PBXGroup;
			children = (
				96CB46631B35731C0015A7D6 /* Third Party */,
				9626F5421B358648001A82AB /* Classes */,
				968AA7721B3551C800C95807 /* XInfer.h */,
				968AA7731B3551C800C95807 /* XInfer.m */,
				968AA76E1B3551C800C95807 /* Supporting Files */,
			);
			path = XInfer;
			sourceTree = "<group>";
		};
		968AA76E1B3551C800C95807 /* Supporting Files */ = {
			isa = PBXGroup;
			children = (
				968AA76F1B3551C800C95807 /* Info.plist */,
				968AA7701B3551C800C95807 /* XInfer.xcscheme */,
			);
			name = "Supporting Files";
			sourceTree = "<group>";
		};
		96CB46631B35731C0015A7D6 /* Third Party */ = {
			isa = PBXGroup;
			children = (
				961DBF581B38BDE300B4417A /* NODE */,
				961DBF381B38BC8000B4417A /* extobjc */,
				961DBEF81B38B92200B4417A /* BIND */,
				9626ED581B36B9BE00D1D152 /* Dump */,
				96CB46641B35731C0015A7D6 /* Benoit */,
				96CB46681B35731C0015A7D6 /* XCodeEditor */,
			);
			path = "Third Party";
			sourceTree = SOURCE_ROOT;
		};
		96CB46641B35731C0015A7D6 /* Benoit */ = {
			isa = PBXGroup;
			children = (
				96CB46651B35731C0015A7D6 /* MHXcodeDocumentNavigator.h */,
				96CB46661B35731C0015A7D6 /* MHXcodeDocumentNavigator.m */,
				96CB46671B35731C0015A7D6 /* XCFXcodePrivate.h */,
			);
			path = Benoit;
			sourceTree = "<group>";
		};
		96CB46681B35731C0015A7D6 /* XCodeEditor */ = {
			isa = PBXGroup;
			children = (
				96CB46691B35731C0015A7D6 /* Categories */,
				96CB46721B35731C0015A7D6 /* Utils */,
				96CB46771B35731C0015A7D6 /* XCAbstractDefinition.h */,
				96CB46781B35731C0015A7D6 /* XCAbstractDefinition.m */,
				96CB46791B35731C0015A7D6 /* XCBuildConfiguration.h */,
				96CB467A1B35731C0015A7D6 /* XCBuildConfiguration.m */,
				96CB467B1B35731C0015A7D6 /* XCBuildSettings.h */,
				96CB467C1B35731C0015A7D6 /* XCBuildSettings.m */,
				96CB467D1B35731C0015A7D6 /* XCClassDefinition.h */,
				96CB467E1B35731C0015A7D6 /* XCClassDefinition.m */,
				96CB467F1B35731C0015A7D6 /* XCFileOperationQueue.h */,
				96CB46801B35731C0015A7D6 /* XCFileOperationQueue.m */,
				96CB46811B35731C0015A7D6 /* XCFrameworkDefinition.h */,
				96CB46821B35731C0015A7D6 /* XCFrameworkDefinition.m */,
				96CB46831B35731C0015A7D6 /* XCGroup.h */,
				96CB46841B35731C0015A7D6 /* XCGroup.m */,
				96CB46851B35731C0015A7D6 /* XcodeEditor.h */,
				96CB46861B35731D0015A7D6 /* XcodeGroupMember.h */,
				96CB46871B35731D0015A7D6 /* XcodeMemberType.h */,
				96CB46881B35731D0015A7D6 /* XcodeMemberType.m */,
				96CB46891B35731D0015A7D6 /* XcodeSourceFileType.h */,
				96CB468A1B35731D0015A7D6 /* XcodeSourceFileType.m */,
				96CB468B1B35731D0015A7D6 /* XCProject+SubProject.h */,
				96CB468C1B35731D0015A7D6 /* XCProject+SubProject.m */,
				96CB468D1B35731D0015A7D6 /* XCProject.h */,
				96CB468E1B35731D0015A7D6 /* XCProject.m */,
				96CB468F1B35731D0015A7D6 /* XCSourceFile.h */,
				96CB46901B35731D0015A7D6 /* XCSourceFile.m */,
				96CB46911B35731D0015A7D6 /* XCSourceFileDefinition.h */,
				96CB46921B35731D0015A7D6 /* XCSourceFileDefinition.m */,
				96CB46931B35731D0015A7D6 /* XCSubProjectDefinition.h */,
				96CB46941B35731D0015A7D6 /* XCSubProjectDefinition.m */,
				96CB46951B35731D0015A7D6 /* XCTarget.h */,
				96CB46961B35731D0015A7D6 /* XCTarget.m */,
				96CB46971B35731D0015A7D6 /* XCWorkspace.h */,
				96CB46981B35731D0015A7D6 /* XCWorkspace.m */,
				96CB46991B35731D0015A7D6 /* XCXibDefinition.h */,
				96CB469A1B35731D0015A7D6 /* XCXibDefinition.m */,
			);
			path = XCodeEditor;
			sourceTree = "<group>";
		};
		96CB46691B35731C0015A7D6 /* Categories */ = {
			isa = PBXGroup;
			children = (
				96CB46B21B3573F50015A7D6 /* NSString+Extensions.h */,
				96CB46B31B3573F50015A7D6 /* NSString+Extensions.m */,
				96CB466A1B35731C0015A7D6 /* NSString+XCAdditions.h */,
				96CB466B1B35731C0015A7D6 /* NSString+XCAdditions.m */,
				96CB466C1B35731C0015A7D6 /* XCProject+Extensions.h */,
				96CB466D1B35731C0015A7D6 /* XCProject+Extensions.m */,
				96CB46701B35731C0015A7D6 /* XCTarget+XCProject.h */,
				96CB46711B35731C0015A7D6 /* XCTarget+XCProject.m */,
			);
			path = Categories;
			sourceTree = "<group>";
		};
		96CB46721B35731C0015A7D6 /* Utils */ = {
			isa = PBXGroup;
			children = (
				96CB46731B35731C0015A7D6 /* XCEnumUtils.h */,
				96CB46741B35731C0015A7D6 /* XCKeyBuilder.h */,
				96CB46751B35731C0015A7D6 /* XCKeyBuilder.m */,
				96CB46761B35731C0015A7D6 /* XCMemoryUtils.h */,
			);
			path = Utils;
			sourceTree = "<group>";
		};
/* End PBXGroup section */

/* Begin PBXNativeTarget section */
		968AA7651B3551C800C95807 /* XInfer */ = {
			isa = PBXNativeTarget;
			buildConfigurationList = 968AA7771B3551C800C95807 /* Build configuration list for PBXNativeTarget "XInfer" */;
			buildPhases = (
				968AA7621B3551C800C95807 /* Sources */,
				968AA7631B3551C800C95807 /* Resources */,
				968AA7641B3551C800C95807 /* Frameworks */,
			);
			buildRules = (
			);
			dependencies = (
			);
			name = XInfer;
			productName = XInfer;
			productReference = 968AA7661B3551C800C95807 /* XInfer.xcplugin */;
			productType = "com.apple.product-type.bundle";
		};
/* End PBXNativeTarget section */

/* Begin PBXProject section */
		968AA75E1B3551C800C95807 /* Project object */ = {
			isa = PBXProject;
			attributes = {
				LastUpgradeCheck = 0630;
				ORGANIZATIONNAME = "Marko Hlebar";
				TargetAttributes = {
					968AA7651B3551C800C95807 = {
						CreatedOnToolsVersion = 6.3.2;
					};
				};
			};
			buildConfigurationList = 968AA7611B3551C800C95807 /* Build configuration list for PBXProject "XInfer" */;
			compatibilityVersion = "Xcode 3.2";
			developmentRegion = English;
			hasScannedForEncodings = 0;
			knownRegions = (
				en,
			);
			mainGroup = 968AA75D1B3551C800C95807;
			productRefGroup = 968AA7671B3551C800C95807 /* Products */;
			projectDirPath = "";
			projectRoot = "";
			targets = (
				968AA7651B3551C800C95807 /* XInfer */,
			);
		};
/* End PBXProject section */

/* Begin PBXResourcesBuildPhase section */
		968AA7631B3551C800C95807 /* Resources */ = {
			isa = PBXResourcesBuildPhase;
			buildActionMask = 2147483647;
			files = (
				968AA7711B3551C800C95807 /* XInfer.xcscheme in Resources */,
				96A8F2611B39266C0086CF65 /* XINIssueWindowController.xib in Resources */,
				961DBEF51B38B8D300B4417A /* XINIssueCellView.xib in Resources */,
				961DBEF71B38B8D300B4417A /* XINIssueListViewController.xib in Resources */,
			);
			runOnlyForDeploymentPostprocessing = 0;
		};
/* End PBXResourcesBuildPhase section */

/* Begin PBXSourcesBuildPhase section */
		968AA7621B3551C800C95807 /* Sources */ = {
			isa = PBXSourcesBuildPhase;
			buildActionMask = 2147483647;
			files = (
				968AA77C1B3553FC00C95807 /* NSString+XCAdditions.m in Sources */,
				961DBF5E1B38BDE300B4417A /* NSObject+NODE.m in Sources */,
				961DBF621B38BE2B00B4417A /* NSString+BNDKeyPathHandling.m in Sources */,
				96CB46AB1B35731D0015A7D6 /* XCProject.m in Sources */,
				965422071B392C6100960A10 /* XINIssueListViewModel.m in Sources */,
				96CB46B01B35731D0015A7D6 /* XCWorkspace.m in Sources */,
				96A8F2601B39266C0086CF65 /* XINIssueWindowController.m in Sources */,
				96A32B401B358B89008AC613 /* XINIssueCache.m in Sources */,
				96CB46AD1B35731D0015A7D6 /* XCSourceFileDefinition.m in Sources */,
				961DBEF61B38B8D300B4417A /* XINIssueListViewController.m in Sources */,
				9654220A1B39305D00960A10 /* XINIssueCellViewModel.m in Sources */,
				96CB469D1B35731D0015A7D6 /* XCProject+Extensions.m in Sources */,
				96CB46A21B35731D0015A7D6 /* XCBuildConfiguration.m in Sources */,
				968AA7741B3551C800C95807 /* XInfer.m in Sources */,
				961DBF341B38B92200B4417A /* BNDCommandBinding.m in Sources */,
				961DBF2A1B38B92200B4417A /* BNDConcreteViewModel.m in Sources */,
				96CB46A91B35731D0015A7D6 /* XcodeSourceFileType.m in Sources */,
				96CB46AA1B35731D0015A7D6 /* XCProject+SubProject.m in Sources */,
				96CB46A11B35731D0015A7D6 /* XCAbstractDefinition.m in Sources */,
				96CB469C1B35731D0015A7D6 /* NSString+XCAdditions.m in Sources */,
				96CB46AF1B35731D0015A7D6 /* XCTarget.m in Sources */,
				961DBF291B38B92200B4417A /* BNDConcreteView.m in Sources */,
				961DBEF41B38B8D300B4417A /* XINIssueCellView.m in Sources */,
				96CB46A01B35731D0015A7D6 /* XCKeyBuilder.m in Sources */,
				96EAF0B61B35874700EF70DE /* XINIssue.m in Sources */,
				96CB46A31B35731D0015A7D6 /* XCBuildSettings.m in Sources */,
				96CB46A71B35731D0015A7D6 /* XCGroup.m in Sources */,
				96CB46B41B3573F50015A7D6 /* NSString+Extensions.m in Sources */,
				961DBF351B38B92200B4417A /* BNDParser.m in Sources */,
				96CB46A81B35731D0015A7D6 /* XcodeMemberType.m in Sources */,
				96CB46AC1B35731D0015A7D6 /* XCSourceFile.m in Sources */,
				961DBF321B38B92200B4417A /* BNDAsyncValueTransformer.m in Sources */,
				967724081B36C15F007CEF19 /* XINIssueView.m in Sources */,
				961DBF361B38B92200B4417A /* BNDSpecialKeyPathHandler.m in Sources */,
				96CB46A61B35731D0015A7D6 /* XCFrameworkDefinition.m in Sources */,
				96CB46A41B35731D0015A7D6 /* XCClassDefinition.m in Sources */,
				96CB469B1B35731D0015A7D6 /* MHXcodeDocumentNavigator.m in Sources */,
				9677240C1B36C414007CEF19 /* XINIssueRenderer.m in Sources */,
				96CB469F1B35731D0015A7D6 /* XCTarget+XCProject.m in Sources */,
				96CB46AE1B35731D0015A7D6 /* XCSubProjectDefinition.m in Sources */,
				961DBF331B38B92200B4417A /* BNDBinding.m in Sources */,
				96CB46B11B35731D0015A7D6 /* XCXibDefinition.m in Sources */,
				96CB46A51B35731D0015A7D6 /* XCFileOperationQueue.m in Sources */,
				961DBF651B38BE4500B4417A /* NSTableView+BNDBinding.m in Sources */,
			);
			runOnlyForDeploymentPostprocessing = 0;
		};
/* End PBXSourcesBuildPhase section */

/* Begin XCBuildConfiguration section */
		968AA7751B3551C800C95807 /* Debug */ = {
			isa = XCBuildConfiguration;
			buildSettings = {
				ALWAYS_SEARCH_USER_PATHS = NO;
				CLANG_CXX_LANGUAGE_STANDARD = "gnu++0x";
				CLANG_CXX_LIBRARY = "libc++";
				CLANG_ENABLE_MODULES = YES;
				CLANG_ENABLE_OBJC_ARC = YES;
				CLANG_WARN_BOOL_CONVERSION = YES;
				CLANG_WARN_CONSTANT_CONVERSION = YES;
				CLANG_WARN_DIRECT_OBJC_ISA_USAGE = YES_ERROR;
				CLANG_WARN_EMPTY_BODY = YES;
				CLANG_WARN_ENUM_CONVERSION = YES;
				CLANG_WARN_INT_CONVERSION = YES;
				CLANG_WARN_OBJC_ROOT_CLASS = YES_ERROR;
				CLANG_WARN_UNREACHABLE_CODE = YES;
				CLANG_WARN__DUPLICATE_METHOD_MATCH = YES;
				COPY_PHASE_STRIP = NO;
				ENABLE_STRICT_OBJC_MSGSEND = YES;
				GCC_C_LANGUAGE_STANDARD = gnu99;
				GCC_DYNAMIC_NO_PIC = NO;
				GCC_NO_COMMON_BLOCKS = YES;
				GCC_OPTIMIZATION_LEVEL = 0;
				GCC_PREPROCESSOR_DEFINITIONS = (
					"DEBUG=1",
					"$(inherited)",
				);
				GCC_SYMBOLS_PRIVATE_EXTERN = NO;
				GCC_WARN_64_TO_32_BIT_CONVERSION = YES;
				GCC_WARN_ABOUT_RETURN_TYPE = YES_ERROR;
				GCC_WARN_UNDECLARED_SELECTOR = YES;
				GCC_WARN_UNINITIALIZED_AUTOS = YES_AGGRESSIVE;
				GCC_WARN_UNUSED_FUNCTION = YES;
				GCC_WARN_UNUSED_VARIABLE = YES;
				MTL_ENABLE_DEBUG_INFO = YES;
				ONLY_ACTIVE_ARCH = YES;
			};
			name = Debug;
		};
		968AA7761B3551C800C95807 /* Release */ = {
			isa = XCBuildConfiguration;
			buildSettings = {
				ALWAYS_SEARCH_USER_PATHS = NO;
				CLANG_CXX_LANGUAGE_STANDARD = "gnu++0x";
				CLANG_CXX_LIBRARY = "libc++";
				CLANG_ENABLE_MODULES = YES;
				CLANG_ENABLE_OBJC_ARC = YES;
				CLANG_WARN_BOOL_CONVERSION = YES;
				CLANG_WARN_CONSTANT_CONVERSION = YES;
				CLANG_WARN_DIRECT_OBJC_ISA_USAGE = YES_ERROR;
				CLANG_WARN_EMPTY_BODY = YES;
				CLANG_WARN_ENUM_CONVERSION = YES;
				CLANG_WARN_INT_CONVERSION = YES;
				CLANG_WARN_OBJC_ROOT_CLASS = YES_ERROR;
				CLANG_WARN_UNREACHABLE_CODE = YES;
				CLANG_WARN__DUPLICATE_METHOD_MATCH = YES;
				COPY_PHASE_STRIP = NO;
				ENABLE_NS_ASSERTIONS = NO;
				ENABLE_STRICT_OBJC_MSGSEND = YES;
				GCC_C_LANGUAGE_STANDARD = gnu99;
				GCC_NO_COMMON_BLOCKS = YES;
				GCC_WARN_64_TO_32_BIT_CONVERSION = YES;
				GCC_WARN_ABOUT_RETURN_TYPE = YES_ERROR;
				GCC_WARN_UNDECLARED_SELECTOR = YES;
				GCC_WARN_UNINITIALIZED_AUTOS = YES_AGGRESSIVE;
				GCC_WARN_UNUSED_FUNCTION = YES;
				GCC_WARN_UNUSED_VARIABLE = YES;
				MTL_ENABLE_DEBUG_INFO = NO;
			};
			name = Release;
		};
		968AA7781B3551C800C95807 /* Debug */ = {
			isa = XCBuildConfiguration;
			buildSettings = {
				COMBINE_HIDPI_IMAGES = YES;
				DEPLOYMENT_LOCATION = YES;
				DSTROOT = "$(HOME)";
				INFOPLIST_FILE = XInfer/Info.plist;
				INSTALL_PATH = "/Library/Application Support/Developer/Shared/Xcode/Plug-ins";
				MACOSX_DEPLOYMENT_TARGET = 10.11;
				PRODUCT_NAME = "$(TARGET_NAME)";
				WRAPPER_EXTENSION = xcplugin;
			};
			name = Debug;
		};
		968AA7791B3551C800C95807 /* Release */ = {
			isa = XCBuildConfiguration;
			buildSettings = {
				COMBINE_HIDPI_IMAGES = YES;
				DEPLOYMENT_LOCATION = YES;
				DSTROOT = "$(HOME)";
				INFOPLIST_FILE = XInfer/Info.plist;
				INSTALL_PATH = "/Library/Application Support/Developer/Shared/Xcode/Plug-ins";
				MACOSX_DEPLOYMENT_TARGET = 10.11;
				PRODUCT_NAME = "$(TARGET_NAME)";
				WRAPPER_EXTENSION = xcplugin;
			};
			name = Release;
		};
/* End XCBuildConfiguration section */

/* Begin XCConfigurationList section */
		968AA7611B3551C800C95807 /* Build configuration list for PBXProject "XInfer" */ = {
			isa = XCConfigurationList;
			buildConfigurations = (
				968AA7751B3551C800C95807 /* Debug */,
				968AA7761B3551C800C95807 /* Release */,
			);
			defaultConfigurationIsVisible = 0;
			defaultConfigurationName = Release;
		};
		968AA7771B3551C800C95807 /* Build configuration list for PBXNativeTarget "XInfer" */ = {
			isa = XCConfigurationList;
			buildConfigurations = (
				968AA7781B3551C800C95807 /* Debug */,
				968AA7791B3551C800C95807 /* Release */,
			);
			defaultConfigurationIsVisible = 0;
			defaultConfigurationName = Release;
		};
/* End XCConfigurationList section */
	};
	rootObject = 968AA75E1B3551C800C95807 /* Project object */;
}
